
Microsoft Visual Studio Solution File, Format Version 12.00
# Visual Studio 15
VisualStudioVersion = 15.0.28010.2003
MinimumVisualStudioVersion = 10.0.40219.1
Project("{9A19103F-16F7-4668-BE54-9A1E7A4F7556}") = "Football.WebSite", "Football.WebSite\Football.WebSite.csproj", "{4FF93C40-B922-4A1D-8321-B144BDB19500}"
EndProject
Project("{9A19103F-16F7-4668-BE54-9A1E7A4F7556}") = "Football.Connector.FootballDataApi", "Football.Connectors.FootballDataApi\Football.Connector.FootballDataApi.csproj", "{FDF78C4E-BBCA-4032-ACC4-0183E69E67FB}"
EndProject
Project("{9A19103F-16F7-4668-BE54-9A1E7A4F7556}") = "Football.UnitTests", "Football.Tests\Football.UnitTests.csproj", "{26D8BB6D-AA17-4A9B-B603-48A18BD05E6C}"
EndProject
Project("{9A19103F-16F7-4668-BE54-9A1E7A4F7556}") = "Football.Core", "Football.Core\Football.Core.csproj", "{DAE2607D-9641-4D53-A2F3-4469DACE1DFE}"
EndProject
Global
	GlobalSection(SolutionConfigurationPlatforms) = preSolution
		Debug|Any CPU = Debug|Any CPU
		Release|Any CPU = Release|Any CPU
	EndGlobalSection
	GlobalSection(ProjectConfigurationPlatforms) = postSolution
		{4FF93C40-B922-4A1D-8321-B144BDB19500}.Debug|Any CPU.ActiveCfg = Debug|Any CPU
		{4FF93C40-B922-4A1D-8321-B144BDB19500}.Debug|Any CPU.Build.0 = Debug|Any CPU
		{4FF93C40-B922-4A1D-8321-B144BDB19500}.Release|Any CPU.ActiveCfg = Release|Any CPU
		{4FF93C40-B922-4A1D-8321-B144BDB19500}.Release|Any CPU.Build.0 = Release|Any CPU
		{FDF78C4E-BBCA-4032-ACC4-0183E69E67FB}.Debug|Any CPU.ActiveCfg = Debug|Any CPU
		{FDF78C4E-BBCA-4032-ACC4-0183E69E67FB}.Debug|Any CPU.Build.0 = Debug|Any CPU
		{FDF78C4E-BBCA-4032-ACC4-0183E69E67FB}.Release|Any CPU.ActiveCfg = Release|Any CPU
		{FDF78C4E-BBCA-4032-ACC4-0183E69E67FB}.Release|Any CPU.Build.0 = Release|Any CPU
		{26D8BB6D-AA17-4A9B-B603-48A18BD05E6C}.Debug|Any CPU.ActiveCfg = Debug|Any CPU
		{26D8BB6D-AA17-4A9B-B603-48A18BD05E6C}.Debug|Any CPU.Build.0 = Debug|Any CPU
		{26D8BB6D-AA17-4A9B-B603-48A18BD05E6C}.Release|Any CPU.ActiveCfg = Release|Any CPU
		{26D8BB6D-AA17-4A9B-B603-48A18BD05E6C}.Release|Any CPU.Build.0 = Release|Any CPU
		{DAE2607D-9641-4D53-A2F3-4469DACE1DFE}.Debug|Any CPU.ActiveCfg = Debug|Any CPU
		{DAE2607D-9641-4D53-A2F3-4469DACE1DFE}.Debug|Any CPU.Build.0 = Debug|Any CPU
		{DAE2607D-9641-4D53-A2F3-4469DACE1DFE}.Release|Any CPU.ActiveCfg = Release|Any CPU
		{DAE2607D-9641-4D53-A2F3-4469DACE1DFE}.Release|Any CPU.Build.0 = Release|Any CPU
	EndGlobalSection
	GlobalSection(SolutionProperties) = preSolution
		HideSolutionNode = FALSE
	EndGlobalSection
	GlobalSection(ExtensibilityGlobals) = postSolution
		SolutionGuid = {606BF623-42C2-4629-BEEB-F130B0C2C9FE}
	EndGlobalSection
EndGlobal
